
Microsoft Visual Studio Solution File, Format Version 12.00
# Visual Studio Version 17
VisualStudioVersion = 17.13.35818.85 d17.13
MinimumVisualStudioVersion = 10.0.40219.1
Project("{FAE04EC0-301F-11D3-BF4B-00C04F79EFBC}") = "Mision Ultra secreta Tony", "Mision Ultra secreta Tony\Mision Ultra secreta Tony.csproj", "{4AC3EB46-6CF5-4B22-A802-EFF5EC7C8038}"
EndProject
Global
	GlobalSection(SolutionConfigurationPlatforms) = preSolution
		Debug|Any CPU = Debug|Any CPU
		Release|Any CPU = Release|Any CPU
	EndGlobalSection
	GlobalSection(ProjectConfigurationPlatforms) = postSolution
		{4AC3EB46-6CF5-4B22-A802-EFF5EC7C8038}.Debug|Any CPU.ActiveCfg = Debug|Any CPU
		{4AC3EB46-6CF5-4B22-A802-EFF5EC7C8038}.Debug|Any CPU.Build.0 = Debug|Any CPU
		{4AC3EB46-6CF5-4B22-A802-EFF5EC7C8038}.Release|Any CPU.ActiveCfg = Release|Any CPU
		{4AC3EB46-6CF5-4B22-A802-EFF5EC7C8038}.Release|Any CPU.Build.0 = Release|Any CPU
	EndGlobalSection
	GlobalSection(SolutionProperties) = preSolution
		HideSolutionNode = FALSE
	EndGlobalSection
	GlobalSection(ExtensibilityGlobals) = postSolution
		SolutionGuid = {C9025663-5831-42F8-BD3D-EA94C5895D73}
	EndGlobalSection
EndGlobal
